
Microsoft Visual Studio Solution File, Format Version 12.00
# Visual Studio Version 17
VisualStudioVersion = 17.8.34330.188
MinimumVisualStudioVersion = 10.0.40219.1
Project("{FAE04EC0-301F-11D3-BF4B-00C04F79EFBC}") = "Automatic_Birth_Mail", "Automatic_Birth_Mail\Automatic_Birth_Mail.csproj", "{5F61C5EE-208C-4AD1-A61D-BBD42817C62B}"
EndProject
Global
	GlobalSection(SolutionConfigurationPlatforms) = preSolution
		Debug|Any CPU = Debug|Any CPU
		Release|Any CPU = Release|Any CPU
	EndGlobalSection
	GlobalSection(ProjectConfigurationPlatforms) = postSolution
		{5F61C5EE-208C-4AD1-A61D-BBD42817C62B}.Debug|Any CPU.ActiveCfg = Debug|Any CPU
		{5F61C5EE-208C-4AD1-A61D-BBD42817C62B}.Debug|Any CPU.Build.0 = Debug|Any CPU
		{5F61C5EE-208C-4AD1-A61D-BBD42817C62B}.Release|Any CPU.ActiveCfg = Release|Any CPU
		{5F61C5EE-208C-4AD1-A61D-BBD42817C62B}.Release|Any CPU.Build.0 = Release|Any CPU
	EndGlobalSection
	GlobalSection(SolutionProperties) = preSolution
		HideSolutionNode = FALSE
	EndGlobalSection
	GlobalSection(ExtensibilityGlobals) = postSolution
		SolutionGuid = {2E85CC5E-57F0-4698-8C0F-C2640EDA1282}
	EndGlobalSection
EndGlobal
